
Microsoft Visual Studio Solution File, Format Version 12.00
# Visual Studio 2013
VisualStudioVersion = 12.0.31101.0
MinimumVisualStudioVersion = 10.0.40219.1
Project("{FAE04EC0-301F-11D3-BF4B-00C04F79EFBC}") = "1.HumanStudentAndWorker", "HumanStudentAndWorker\1.HumanStudentAndWorker.csproj", "{63B2DAA6-8AEC-415E-BF4D-1EDE41B4BDFF}"
EndProject
Project("{FAE04EC0-301F-11D3-BF4B-00C04F79EFBC}") = "2.Animals", "Animals\2.Animals.csproj", "{6E80D3E8-33C9-4286-8216-526A1A56E5A8}"
EndProject
Project("{FAE04EC0-301F-11D3-BF4B-00C04F79EFBC}") = "3.CompanyHierarchy", "CompanyHierarchy\3.CompanyHierarchy.csproj", "{1A9A3332-9BC8-480C-A564-A898029C10BE}"
EndProject
Global
	GlobalSection(SolutionConfigurationPlatforms) = preSolution
		Debug|Any CPU = Debug|Any CPU
		Release|Any CPU = Release|Any CPU
	EndGlobalSection
	GlobalSection(ProjectConfigurationPlatforms) = postSolution
		{63B2DAA6-8AEC-415E-BF4D-1EDE41B4BDFF}.Debug|Any CPU.ActiveCfg = Debug|Any CPU
		{63B2DAA6-8AEC-415E-BF4D-1EDE41B4BDFF}.Debug|Any CPU.Build.0 = Debug|Any CPU
		{63B2DAA6-8AEC-415E-BF4D-1EDE41B4BDFF}.Release|Any CPU.ActiveCfg = Release|Any CPU
		{63B2DAA6-8AEC-415E-BF4D-1EDE41B4BDFF}.Release|Any CPU.Build.0 = Release|Any CPU
		{6E80D3E8-33C9-4286-8216-526A1A56E5A8}.Debug|Any CPU.ActiveCfg = Debug|Any CPU
		{6E80D3E8-33C9-4286-8216-526A1A56E5A8}.Debug|Any CPU.Build.0 = Debug|Any CPU
		{6E80D3E8-33C9-4286-8216-526A1A56E5A8}.Release|Any CPU.ActiveCfg = Release|Any CPU
		{6E80D3E8-33C9-4286-8216-526A1A56E5A8}.Release|Any CPU.Build.0 = Release|Any CPU
		{1A9A3332-9BC8-480C-A564-A898029C10BE}.Debug|Any CPU.ActiveCfg = Debug|Any CPU
		{1A9A3332-9BC8-480C-A564-A898029C10BE}.Debug|Any CPU.Build.0 = Debug|Any CPU
		{1A9A3332-9BC8-480C-A564-A898029C10BE}.Release|Any CPU.ActiveCfg = Release|Any CPU
		{1A9A3332-9BC8-480C-A564-A898029C10BE}.Release|Any CPU.Build.0 = Release|Any CPU
	EndGlobalSection
	GlobalSection(SolutionProperties) = preSolution
		HideSolutionNode = FALSE
	EndGlobalSection
EndGlobal
