
Microsoft Visual Studio Solution File, Format Version 12.00
# Visual Studio 2013
VisualStudioVersion = 12.0.31101.0
MinimumVisualStudioVersion = 10.0.40219.1
Project("{FAE04EC0-301F-11D3-BF4B-00C04F79EFBC}") = "01.CustomLINQExtensionMethods", "CustomLINQExtensionMethods\01.CustomLINQExtensionMethods.csproj", "{24532E76-5E2E-4A6A-9827-52D28FC88FEE}"
EndProject
Project("{FAE04EC0-301F-11D3-BF4B-00C04F79EFBC}") = "02.InterestCalculator", "InterestCalculator\02.InterestCalculator.csproj", "{8563E393-CEED-4BF1-A56B-0529929AF2BD}"
EndProject
Project("{FAE04EC0-301F-11D3-BF4B-00C04F79EFBC}") = "03.AsynchronousTimer", "AsynchronousTimer\03.AsynchronousTimer.csproj", "{614C5B0A-13F0-40FF-90D7-A428B5C4152F}"
EndProject
Project("{FAE04EC0-301F-11D3-BF4B-00C04F79EFBC}") = "04.StudentClass", "StudentClass\04.StudentClass.csproj", "{8C2CE9DF-3DCD-41D5-A7E5-62E90CC1C612}"
EndProject
Global
	GlobalSection(SolutionConfigurationPlatforms) = preSolution
		Debug|Any CPU = Debug|Any CPU
		Release|Any CPU = Release|Any CPU
	EndGlobalSection
	GlobalSection(ProjectConfigurationPlatforms) = postSolution
		{24532E76-5E2E-4A6A-9827-52D28FC88FEE}.Debug|Any CPU.ActiveCfg = Debug|Any CPU
		{24532E76-5E2E-4A6A-9827-52D28FC88FEE}.Debug|Any CPU.Build.0 = Debug|Any CPU
		{24532E76-5E2E-4A6A-9827-52D28FC88FEE}.Release|Any CPU.ActiveCfg = Release|Any CPU
		{24532E76-5E2E-4A6A-9827-52D28FC88FEE}.Release|Any CPU.Build.0 = Release|Any CPU
		{8563E393-CEED-4BF1-A56B-0529929AF2BD}.Debug|Any CPU.ActiveCfg = Debug|Any CPU
		{8563E393-CEED-4BF1-A56B-0529929AF2BD}.Debug|Any CPU.Build.0 = Debug|Any CPU
		{8563E393-CEED-4BF1-A56B-0529929AF2BD}.Release|Any CPU.ActiveCfg = Release|Any CPU
		{8563E393-CEED-4BF1-A56B-0529929AF2BD}.Release|Any CPU.Build.0 = Release|Any CPU
		{614C5B0A-13F0-40FF-90D7-A428B5C4152F}.Debug|Any CPU.ActiveCfg = Debug|Any CPU
		{614C5B0A-13F0-40FF-90D7-A428B5C4152F}.Debug|Any CPU.Build.0 = Debug|Any CPU
		{614C5B0A-13F0-40FF-90D7-A428B5C4152F}.Release|Any CPU.ActiveCfg = Release|Any CPU
		{614C5B0A-13F0-40FF-90D7-A428B5C4152F}.Release|Any CPU.Build.0 = Release|Any CPU
		{8C2CE9DF-3DCD-41D5-A7E5-62E90CC1C612}.Debug|Any CPU.ActiveCfg = Debug|Any CPU
		{8C2CE9DF-3DCD-41D5-A7E5-62E90CC1C612}.Debug|Any CPU.Build.0 = Debug|Any CPU
		{8C2CE9DF-3DCD-41D5-A7E5-62E90CC1C612}.Release|Any CPU.ActiveCfg = Release|Any CPU
		{8C2CE9DF-3DCD-41D5-A7E5-62E90CC1C612}.Release|Any CPU.Build.0 = Release|Any CPU
	EndGlobalSection
	GlobalSection(SolutionProperties) = preSolution
		HideSolutionNode = FALSE
	EndGlobalSection
EndGlobal
