
Microsoft Visual Studio Solution File, Format Version 12.00
# Visual Studio 2013
VisualStudioVersion = 12.0.31101.0
MinimumVisualStudioVersion = 10.0.40219.1
Project("{FAE04EC0-301F-11D3-BF4B-00C04F79EFBC}") = "1.Shapes", "Shapes\1.Shapes.csproj", "{51A028A8-EF7F-48F7-9FD7-0647929537C6}"
EndProject
Project("{FAE04EC0-301F-11D3-BF4B-00C04F79EFBC}") = "2.BankOfKurtovoKonare", "BankOfKurtovoKonare\2.BankOfKurtovoKonare.csproj", "{2DCDD5F7-AC4E-47F5-81A4-04C99101E7EA}"
EndProject
Global
	GlobalSection(SolutionConfigurationPlatforms) = preSolution
		Debug|Any CPU = Debug|Any CPU
		Release|Any CPU = Release|Any CPU
	EndGlobalSection
	GlobalSection(ProjectConfigurationPlatforms) = postSolution
		{51A028A8-EF7F-48F7-9FD7-0647929537C6}.Debug|Any CPU.ActiveCfg = Debug|Any CPU
		{51A028A8-EF7F-48F7-9FD7-0647929537C6}.Debug|Any CPU.Build.0 = Debug|Any CPU
		{51A028A8-EF7F-48F7-9FD7-0647929537C6}.Release|Any CPU.ActiveCfg = Release|Any CPU
		{51A028A8-EF7F-48F7-9FD7-0647929537C6}.Release|Any CPU.Build.0 = Release|Any CPU
		{2DCDD5F7-AC4E-47F5-81A4-04C99101E7EA}.Debug|Any CPU.ActiveCfg = Debug|Any CPU
		{2DCDD5F7-AC4E-47F5-81A4-04C99101E7EA}.Debug|Any CPU.Build.0 = Debug|Any CPU
		{2DCDD5F7-AC4E-47F5-81A4-04C99101E7EA}.Release|Any CPU.ActiveCfg = Release|Any CPU
		{2DCDD5F7-AC4E-47F5-81A4-04C99101E7EA}.Release|Any CPU.Build.0 = Release|Any CPU
	EndGlobalSection
	GlobalSection(SolutionProperties) = preSolution
		HideSolutionNode = FALSE
	EndGlobalSection
EndGlobal
